
Microsoft Visual Studio Solution File, Format Version 12.00
# Visual Studio Version 17
VisualStudioVersion = 17.9.34622.214
MinimumVisualStudioVersion = 10.0.40219.1
Project("{FAE04EC0-301F-11D3-BF4B-00C04F79EFBC}") = "lab3", "lab3\lab3.csproj", "{FCD991CD-E168-44AC-B662-D00C9C05AAB9}"
EndProject
Global
	GlobalSection(SolutionConfigurationPlatforms) = preSolution
		Debug|Any CPU = Debug|Any CPU
		Release|Any CPU = Release|Any CPU
	EndGlobalSection
	GlobalSection(ProjectConfigurationPlatforms) = postSolution
		{FCD991CD-E168-44AC-B662-D00C9C05AAB9}.Debug|Any CPU.ActiveCfg = Debug|Any CPU
		{FCD991CD-E168-44AC-B662-D00C9C05AAB9}.Debug|Any CPU.Build.0 = Debug|Any CPU
		{FCD991CD-E168-44AC-B662-D00C9C05AAB9}.Release|Any CPU.ActiveCfg = Release|Any CPU
		{FCD991CD-E168-44AC-B662-D00C9C05AAB9}.Release|Any CPU.Build.0 = Release|Any CPU
	EndGlobalSection
	GlobalSection(SolutionProperties) = preSolution
		HideSolutionNode = FALSE
	EndGlobalSection
	GlobalSection(ExtensibilityGlobals) = postSolution
		SolutionGuid = {F43F8621-210D-4B8B-A76D-AF06BBF8AE31}
	EndGlobalSection
EndGlobal
