
Microsoft Visual Studio Solution File, Format Version 12.00
# Visual Studio Version 17
VisualStudioVersion = 17.9.34622.214
MinimumVisualStudioVersion = 10.0.40219.1
Project("{FAE04EC0-301F-11D3-BF4B-00C04F79EFBC}") = "7lab", "7lab\7lab.csproj", "{BFCBF243-C160-44DC-B2A0-FC8F962A165A}"
EndProject
Global
	GlobalSection(SolutionConfigurationPlatforms) = preSolution
		Debug|Any CPU = Debug|Any CPU
		Release|Any CPU = Release|Any CPU
	EndGlobalSection
	GlobalSection(ProjectConfigurationPlatforms) = postSolution
		{BFCBF243-C160-44DC-B2A0-FC8F962A165A}.Debug|Any CPU.ActiveCfg = Debug|Any CPU
		{BFCBF243-C160-44DC-B2A0-FC8F962A165A}.Debug|Any CPU.Build.0 = Debug|Any CPU
		{BFCBF243-C160-44DC-B2A0-FC8F962A165A}.Release|Any CPU.ActiveCfg = Release|Any CPU
		{BFCBF243-C160-44DC-B2A0-FC8F962A165A}.Release|Any CPU.Build.0 = Release|Any CPU
	EndGlobalSection
	GlobalSection(SolutionProperties) = preSolution
		HideSolutionNode = FALSE
	EndGlobalSection
	GlobalSection(ExtensibilityGlobals) = postSolution
		SolutionGuid = {607F5FC6-80D1-4D44-8035-F8BEB1E7B9DB}
	EndGlobalSection
EndGlobal
